
Microsoft Visual Studio Solution File, Format Version 12.00
# Visual Studio 15
VisualStudioVersion = 15.0.28307.1000
MinimumVisualStudioVersion = 10.0.40219.1
Project("{FAE04EC0-301F-11D3-BF4B-00C04F79EFBC}") = "web-api-core", "web-api-core\web-api-core.csproj", "{880AD97E-9350-4866-B9A2-B32B0A9E26C2}"
EndProject
Global
	GlobalSection(SolutionConfigurationPlatforms) = preSolution
		Debug|Any CPU = Debug|Any CPU
		Release|Any CPU = Release|Any CPU
	EndGlobalSection
	GlobalSection(ProjectConfigurationPlatforms) = postSolution
		{880AD97E-9350-4866-B9A2-B32B0A9E26C2}.Debug|Any CPU.ActiveCfg = Debug|Any CPU
		{880AD97E-9350-4866-B9A2-B32B0A9E26C2}.Debug|Any CPU.Build.0 = Debug|Any CPU
		{880AD97E-9350-4866-B9A2-B32B0A9E26C2}.Release|Any CPU.ActiveCfg = Release|Any CPU
		{880AD97E-9350-4866-B9A2-B32B0A9E26C2}.Release|Any CPU.Build.0 = Release|Any CPU
	EndGlobalSection
	GlobalSection(SolutionProperties) = preSolution
		HideSolutionNode = FALSE
	EndGlobalSection
	GlobalSection(ExtensibilityGlobals) = postSolution
		SolutionGuid = {67C66276-F993-4422-AA7E-F3C21B42356D}
	EndGlobalSection
EndGlobal
